// !$*UTF8*$!
{
	archiveVersion = 1;
	classes = {
	};
	objectVersion = 46;
	objects = {

/* Begin PBXBuildFile section */
		81A58BD9FFD098002AB3706A /* Pods_Weather.framework in Frameworks */ = {isa = PBXBuildFile; fileRef = E0A16C0420DDD56D88B51FE0 /* Pods_Weather.framework */; };
		95263BFA1EEAE078005815DC /* AppDelegate.swift in Sources */ = {isa = PBXBuildFile; fileRef = 95263BF91EEAE078005815DC /* AppDelegate.swift */; };
		95263BFC1EEAE078005815DC /* ViewController.swift in Sources */ = {isa = PBXBuildFile; fileRef = 95263BFB1EEAE078005815DC /* ViewController.swift */; };
		95263BFF1EEAE078005815DC /* Main.storyboard in Resources */ = {isa = PBXBuildFile; fileRef = 95263BFD1EEAE078005815DC /* Main.storyboard */; };
		95263C011EEAE078005815DC /* Assets.xcassets in Resources */ = {isa = PBXBuildFile; fileRef = 95263C001EEAE078005815DC /* Assets.xcassets */; };
		95263C041EEAE078005815DC /* LaunchScreen.storyboard in Resources */ = {isa = PBXBuildFile; fileRef = 95263C021EEAE078005815DC /* LaunchScreen.storyboard */; };
		95263D591EEB1063005815DC /* FBSDKCoreKit.framework in Frameworks */ = {isa = PBXBuildFile; fileRef = 95263D571EEB1063005815DC /* FBSDKCoreKit.framework */; };
		95263D5A1EEB1063005815DC /* FBSDKLoginKit.framework in Frameworks */ = {isa = PBXBuildFile; fileRef = 95263D581EEB1063005815DC /* FBSDKLoginKit.framework */; };
		95263D6B1EEBCC71005815DC /* TableViewController.swift in Sources */ = {isa = PBXBuildFile; fileRef = 95263D6A1EEBCC71005815DC /* TableViewController.swift */; };
		95263D6D1EEBE6F2005815DC /* City.swift in Sources */ = {isa = PBXBuildFile; fileRef = 95263D6C1EEBE6F2005815DC /* City.swift */; };
		95263D781EEC2885005815DC /* Cell.swift in Sources */ = {isa = PBXBuildFile; fileRef = 95263D771EEC2885005815DC /* Cell.swift */; };
		95A9BF661EF1233D00676B25 /* GoogleService-Info.plist in Resources */ = {isa = PBXBuildFile; fileRef = 95A9BF651EF1233D00676B25 /* GoogleService-Info.plist */; };
/* End PBXBuildFile section */

/* Begin PBXFileReference section */
		51EBC566632579C88002F330 /* Pods-Weather.debug.xcconfig */ = {isa = PBXFileReference; includeInIndex = 1; lastKnownFileType = text.xcconfig; name = "Pods-Weather.debug.xcconfig"; path = "Pods/Target Support Files/Pods-Weather/Pods-Weather.debug.xcconfig"; sourceTree = "<group>"; };
		6F87FF6F2F8EB8005C74D78D /* Pods-Weather.release.xcconfig */ = {isa = PBXFileReference; includeInIndex = 1; lastKnownFileType = text.xcconfig; name = "Pods-Weather.release.xcconfig"; path = "Pods/Target Support Files/Pods-Weather/Pods-Weather.release.xcconfig"; sourceTree = "<group>"; };
		95263BF61EEAE078005815DC /* Weather.app */ = {isa = PBXFileReference; explicitFileType = wrapper.application; includeInIndex = 0; path = Weather.app; sourceTree = BUILT_PRODUCTS_DIR; };
		95263BF91EEAE078005815DC /* AppDelegate.swift */ = {isa = PBXFileReference; lastKnownFileType = sourcecode.swift; path = AppDelegate.swift; sourceTree = "<group>"; };
		95263BFB1EEAE078005815DC /* ViewController.swift */ = {isa = PBXFileReference; lastKnownFileType = sourcecode.swift; path = ViewController.swift; sourceTree = "<group>"; };
		95263BFE1EEAE078005815DC /* Base */ = {isa = PBXFileReference; lastKnownFileType = file.storyboard; name = Base; path = Base.lproj/Main.storyboard; sourceTree = "<group>"; };
		95263C001EEAE078005815DC /* Assets.xcassets */ = {isa = PBXFileReference; lastKnownFileType = folder.assetcatalog; path = Assets.xcassets; sourceTree = "<group>"; };
		95263C031EEAE078005815DC /* Base */ = {isa = PBXFileReference; lastKnownFileType = file.storyboard; name = Base; path = Base.lproj/LaunchScreen.storyboard; sourceTree = "<group>"; };
		95263C051EEAE078005815DC /* Info.plist */ = {isa = PBXFileReference; lastKnownFileType = text.plist.xml; path = Info.plist; sourceTree = "<group>"; };
		95263D571EEB1063005815DC /* FBSDKCoreKit.framework */ = {isa = PBXFileReference; lastKnownFileType = wrapper.framework; path = FBSDKCoreKit.framework; sourceTree = "<group>"; };
		95263D581EEB1063005815DC /* FBSDKLoginKit.framework */ = {isa = PBXFileReference; lastKnownFileType = wrapper.framework; path = FBSDKLoginKit.framework; sourceTree = "<group>"; };
		95263D6A1EEBCC71005815DC /* TableViewController.swift */ = {isa = PBXFileReference; fileEncoding = 4; lastKnownFileType = sourcecode.swift; path = TableViewController.swift; sourceTree = "<group>"; };
		95263D6C1EEBE6F2005815DC /* City.swift */ = {isa = PBXFileReference; fileEncoding = 4; lastKnownFileType = sourcecode.swift; path = City.swift; sourceTree = "<group>"; };
		95263D771EEC2885005815DC /* Cell.swift */ = {isa = PBXFileReference; fileEncoding = 4; lastKnownFileType = sourcecode.swift; path = Cell.swift; sourceTree = "<group>"; };
		95A9BF651EF1233D00676B25 /* GoogleService-Info.plist */ = {isa = PBXFileReference; fileEncoding = 4; lastKnownFileType = text.plist.xml; path = "GoogleService-Info.plist"; sourceTree = "<group>"; };
		E0A16C0420DDD56D88B51FE0 /* Pods_Weather.framework */ = {isa = PBXFileReference; explicitFileType = wrapper.framework; includeInIndex = 0; path = Pods_Weather.framework; sourceTree = BUILT_PRODUCTS_DIR; };
/* End PBXFileReference section */

/* Begin PBXFrameworksBuildPhase section */
		95263BF31EEAE078005815DC /* Frameworks */ = {
			isa = PBXFrameworksBuildPhase;
			buildActionMask = 2147483647;
			files = (
				81A58BD9FFD098002AB3706A /* Pods_Weather.framework in Frameworks */,
				95263D591EEB1063005815DC /* FBSDKCoreKit.framework in Frameworks */,
				95263D5A1EEB1063005815DC /* FBSDKLoginKit.framework in Frameworks */,
			);
			runOnlyForDeploymentPostprocessing = 0;
		};
/* End PBXFrameworksBuildPhase section */

/* Begin PBXGroup section */
		4BE6FBB19F6877BAF3853D26 /* Pods */ = {
			isa = PBXGroup;
			children = (
				51EBC566632579C88002F330 /* Pods-Weather.debug.xcconfig */,
				6F87FF6F2F8EB8005C74D78D /* Pods-Weather.release.xcconfig */,
			);
			name = Pods;
			sourceTree = "<group>";
		};
		6FF33C2282E3D1339F3E1F42 /* Frameworks */ = {
			isa = PBXGroup;
			children = (
				95263D571EEB1063005815DC /* FBSDKCoreKit.framework */,
				95263D581EEB1063005815DC /* FBSDKLoginKit.framework */,
				E0A16C0420DDD56D88B51FE0 /* Pods_Weather.framework */,
			);
			name = Frameworks;
			sourceTree = "<group>";
		};
		95263BED1EEAE078005815DC = {
			isa = PBXGroup;
			children = (
				95263BF81EEAE078005815DC /* Weather */,
				95263BF71EEAE078005815DC /* Products */,
				4BE6FBB19F6877BAF3853D26 /* Pods */,
				6FF33C2282E3D1339F3E1F42 /* Frameworks */,
			);
			sourceTree = "<group>";
		};
		95263BF71EEAE078005815DC /* Products */ = {
			isa = PBXGroup;
			children = (
				95263BF61EEAE078005815DC /* Weather.app */,
			);
			name = Products;
			sourceTree = "<group>";
		};
		95263BF81EEAE078005815DC /* Weather */ = {
			isa = PBXGroup;
			children = (
				95263BF91EEAE078005815DC /* AppDelegate.swift */,
				95263BFB1EEAE078005815DC /* ViewController.swift */,
				95263D771EEC2885005815DC /* Cell.swift */,
				95263D6A1EEBCC71005815DC /* TableViewController.swift */,
				95263D6E1EEBE8B1005815DC /* Models */,
				95263BFD1EEAE078005815DC /* Main.storyboard */,
				95263C001EEAE078005815DC /* Assets.xcassets */,
				95263C021EEAE078005815DC /* LaunchScreen.storyboard */,
				95263C051EEAE078005815DC /* Info.plist */,
				95A9BF651EF1233D00676B25 /* GoogleService-Info.plist */,
			);
			path = Weather;
			sourceTree = "<group>";
		};
		95263D6E1EEBE8B1005815DC /* Models */ = {
			isa = PBXGroup;
			children = (
				95263D6C1EEBE6F2005815DC /* City.swift */,
			);
			name = Models;
			sourceTree = "<group>";
		};
/* End PBXGroup section */

/* Begin PBXNativeTarget section */
		95263BF51EEAE078005815DC /* Weather */ = {
			isa = PBXNativeTarget;
			buildConfigurationList = 95263C081EEAE078005815DC /* Build configuration list for PBXNativeTarget "Weather" */;
			buildPhases = (
				0CAF304153F8867A8023C940 /* [CP] Check Pods Manifest.lock */,
				95263BF21EEAE078005815DC /* Sources */,
				95263BF31EEAE078005815DC /* Frameworks */,
				95263BF41EEAE078005815DC /* Resources */,
				58A9989FB600733985E187E2 /* [CP] Embed Pods Frameworks */,
				25E5E13769BB778A7C01DD71 /* [CP] Copy Pods Resources */,
			);
			buildRules = (
			);
			dependencies = (
			);
			name = Weather;
			productName = Weather;
			productReference = 95263BF61EEAE078005815DC /* Weather.app */;
			productType = "com.apple.product-type.application";
		};
/* End PBXNativeTarget section */

/* Begin PBXProject section */
		95263BEE1EEAE078005815DC /* Project object */ = {
			isa = PBXProject;
			attributes = {
				LastSwiftUpdateCheck = 0830;
				LastUpgradeCheck = 0830;
				ORGANIZATIONNAME = Anna;
				TargetAttributes = {
					95263BF51EEAE078005815DC = {
						CreatedOnToolsVersion = 8.3.2;
						DevelopmentTeam = X8E2R8HQQL;
						ProvisioningStyle = Automatic;
					};
				};
			};
			buildConfigurationList = 95263BF11EEAE078005815DC /* Build configuration list for PBXProject "Weather" */;
			compatibilityVersion = "Xcode 3.2";
			developmentRegion = English;
			hasScannedForEncodings = 0;
			knownRegions = (
				en,
				Base,
			);
			mainGroup = 95263BED1EEAE078005815DC;
			productRefGroup = 95263BF71EEAE078005815DC /* Products */;
			projectDirPath = "";
			projectRoot = "";
			targets = (
				95263BF51EEAE078005815DC /* Weather */,
			);
		};
/* End PBXProject section */

/* Begin PBXResourcesBuildPhase section */
		95263BF41EEAE078005815DC /* Resources */ = {
			isa = PBXResourcesBuildPhase;
			buildActionMask = 2147483647;
			files = (
				95A9BF661EF1233D00676B25 /* GoogleService-Info.plist in Resources */,
				95263C041EEAE078005815DC /* LaunchScreen.storyboard in Resources */,
				95263C011EEAE078005815DC /* Assets.xcassets in Resources */,
				95263BFF1EEAE078005815DC /* Main.storyboard in Resources */,
			);
			runOnlyForDeploymentPostprocessing = 0;
		};
/* End PBXResourcesBuildPhase section */

/* Begin PBXShellScriptBuildPhase section */
		0CAF304153F8867A8023C940 /* [CP] Check Pods Manifest.lock */ = {
			isa = PBXShellScriptBuildPhase;
			buildActionMask = 2147483647;
			files = (
			);
			inputPaths = (
			);
			name = "[CP] Check Pods Manifest.lock";
			outputPaths = (
			);
			runOnlyForDeploymentPostprocessing = 0;
			shellPath = /bin/sh;
			shellScript = "diff \"${PODS_PODFILE_DIR_PATH}/Podfile.lock\" \"${PODS_ROOT}/Manifest.lock\" > /dev/null\nif [ $? != 0 ] ; then\n    # print error to STDERR\n    echo \"error: The sandbox is not in sync with the Podfile.lock. Run 'pod install' or update your CocoaPods installation.\" >&2\n    exit 1\nfi\n";
			showEnvVarsInLog = 0;
		};
		25E5E13769BB778A7C01DD71 /* [CP] Copy Pods Resources */ = {
			isa = PBXShellScriptBuildPhase;
			buildActionMask = 2147483647;
			files = (
			);
			inputPaths = (
			);
			name = "[CP] Copy Pods Resources";
			outputPaths = (
			);
			runOnlyForDeploymentPostprocessing = 0;
			shellPath = /bin/sh;
			shellScript = "\"${SRCROOT}/Pods/Target Support Files/Pods-Weather/Pods-Weather-resources.sh\"\n";
			showEnvVarsInLog = 0;
		};
		58A9989FB600733985E187E2 /* [CP] Embed Pods Frameworks */ = {
			isa = PBXShellScriptBuildPhase;
			buildActionMask = 2147483647;
			files = (
			);
			inputPaths = (
			);
			name = "[CP] Embed Pods Frameworks";
			outputPaths = (
			);
			runOnlyForDeploymentPostprocessing = 0;
			shellPath = /bin/sh;
			shellScript = "\"${SRCROOT}/Pods/Target Support Files/Pods-Weather/Pods-Weather-frameworks.sh\"\n";
			showEnvVarsInLog = 0;
		};
/* End PBXShellScriptBuildPhase section */

/* Begin PBXSourcesBuildPhase section */
		95263BF21EEAE078005815DC /* Sources */ = {
			isa = PBXSourcesBuildPhase;
			buildActionMask = 2147483647;
			files = (
				95263BFC1EEAE078005815DC /* ViewController.swift in Sources */,
				95263D6D1EEBE6F2005815DC /* City.swift in Sources */,
				95263D781EEC2885005815DC /* Cell.swift in Sources */,
				95263D6B1EEBCC71005815DC /* TableViewController.swift in Sources */,
				95263BFA1EEAE078005815DC /* AppDelegate.swift in Sources */,
			);
			runOnlyForDeploymentPostprocessing = 0;
		};
/* End PBXSourcesBuildPhase section */

/* Begin PBXVariantGroup section */
		95263BFD1EEAE078005815DC /* Main.storyboard */ = {
			isa = PBXVariantGroup;
			children = (
				95263BFE1EEAE078005815DC /* Base */,
			);
			name = Main.storyboard;
			sourceTree = "<group>";
		};
		95263C021EEAE078005815DC /* LaunchScreen.storyboard */ = {
			isa = PBXVariantGroup;
			children = (
				95263C031EEAE078005815DC /* Base */,
			);
			name = LaunchScreen.storyboard;
			sourceTree = "<group>";
		};
/* End PBXVariantGroup section */

/* Begin XCBuildConfiguration section */
		95263C061EEAE078005815DC /* Debug */ = {
			isa = XCBuildConfiguration;
			buildSettings = {
				ALWAYS_SEARCH_USER_PATHS = NO;
				CLANG_ANALYZER_NONNULL = YES;
				CLANG_ANALYZER_NUMBER_OBJECT_CONVERSION = YES_AGGRESSIVE;
				CLANG_CXX_LANGUAGE_STANDARD = "gnu++0x";
				CLANG_CXX_LIBRARY = "libc++";
				CLANG_ENABLE_MODULES = YES;
				CLANG_ENABLE_OBJC_ARC = YES;
				CLANG_WARN_BOOL_CONVERSION = YES;
				CLANG_WARN_CONSTANT_CONVERSION = YES;
				CLANG_WARN_DIRECT_OBJC_ISA_USAGE = YES_ERROR;
				CLANG_WARN_DOCUMENTATION_COMMENTS = YES;
				CLANG_WARN_EMPTY_BODY = YES;
				CLANG_WARN_ENUM_CONVERSION = YES;
				CLANG_WARN_INFINITE_RECURSION = YES;
				CLANG_WARN_INT_CONVERSION = YES;
				CLANG_WARN_OBJC_ROOT_CLASS = YES_ERROR;
				CLANG_WARN_SUSPICIOUS_MOVE = YES;
				CLANG_WARN_UNREACHABLE_CODE = YES;
				CLANG_WARN__DUPLICATE_METHOD_MATCH = YES;
				"CODE_SIGN_IDENTITY[sdk=iphoneos*]" = "iPhone Developer";
				COPY_PHASE_STRIP = NO;
				DEBUG_INFORMATION_FORMAT = dwarf;
				ENABLE_STRICT_OBJC_MSGSEND = YES;
				ENABLE_TESTABILITY = YES;
				GCC_C_LANGUAGE_STANDARD = gnu99;
				GCC_DYNAMIC_NO_PIC = NO;
				GCC_NO_COMMON_BLOCKS = YES;
				GCC_OPTIMIZATION_LEVEL = 0;
				GCC_PREPROCESSOR_DEFINITIONS = (
					"DEBUG=1",
					"$(inherited)",
				);
				GCC_WARN_64_TO_32_BIT_CONVERSION = YES;
				GCC_WARN_ABOUT_RETURN_TYPE = YES_ERROR;
				GCC_WARN_UNDECLARED_SELECTOR = YES;
				GCC_WARN_UNINITIALIZED_AUTOS = YES_AGGRESSIVE;
				GCC_WARN_UNUSED_FUNCTION = YES;
				GCC_WARN_UNUSED_VARIABLE = YES;
				IPHONEOS_DEPLOYMENT_TARGET = 10.3;
				MTL_ENABLE_DEBUG_INFO = YES;
				ONLY_ACTIVE_ARCH = YES;
				SDKROOT = iphoneos;
				SWIFT_ACTIVE_COMPILATION_CONDITIONS = DEBUG;
				SWIFT_OPTIMIZATION_LEVEL = "-Onone";
				TARGETED_DEVICE_FAMILY = "1,2";
			};
			name = Debug;
		};
		95263C071EEAE078005815DC /* Release */ = {
			isa = XCBuildConfiguration;
			buildSettings = {
				ALWAYS_SEARCH_USER_PATHS = NO;
				CLANG_ANALYZER_NONNULL = YES;
				CLANG_ANALYZER_NUMBER_OBJECT_CONVERSION = YES_AGGRESSIVE;
				CLANG_CXX_LANGUAGE_STANDARD = "gnu++0x";
				CLANG_CXX_LIBRARY = "libc++";
				CLANG_ENABLE_MODULES = YES;
				CLANG_ENABLE_OBJC_ARC = YES;
				CLANG_WARN_BOOL_CONVERSION = YES;
				CLANG_WARN_CONSTANT_CONVERSION = YES;
				CLANG_WARN_DIRECT_OBJC_ISA_USAGE = YES_ERROR;
				CLANG_WARN_DOCUMENTATION_COMMENTS = YES;
				CLANG_WARN_EMPTY_BODY = YES;
				CLANG_WARN_ENUM_CONVERSION = YES;
				CLANG_WARN_INFINITE_RECURSION = YES;
				CLANG_WARN_INT_CONVERSION = YES;
				CLANG_WARN_OBJC_ROOT_CLASS = YES_ERROR;
				CLANG_WARN_SUSPICIOUS_MOVE = YES;
				CLANG_WARN_UNREACHABLE_CODE = YES;
				CLANG_WARN__DUPLICATE_METHOD_MATCH = YES;
				"CODE_SIGN_IDENTITY[sdk=iphoneos*]" = "iPhone Developer";
				COPY_PHASE_STRIP = NO;
				DEBUG_INFORMATION_FORMAT = "dwarf-with-dsym";
				ENABLE_NS_ASSERTIONS = NO;
				ENABLE_STRICT_OBJC_MSGSEND = YES;
				GCC_C_LANGUAGE_STANDARD = gnu99;
				GCC_NO_COMMON_BLOCKS = YES;
				GCC_WARN_64_TO_32_BIT_CONVERSION = YES;
				GCC_WARN_ABOUT_RETURN_TYPE = YES_ERROR;
				GCC_WARN_UNDECLARED_SELECTOR = YES;
				GCC_WARN_UNINITIALIZED_AUTOS = YES_AGGRESSIVE;
				GCC_WARN_UNUSED_FUNCTION = YES;
				GCC_WARN_UNUSED_VARIABLE = YES;
				IPHONEOS_DEPLOYMENT_TARGET = 10.3;
				MTL_ENABLE_DEBUG_INFO = NO;
				SDKROOT = iphoneos;
				SWIFT_OPTIMIZATION_LEVEL = "-Owholemodule";
				TARGETED_DEVICE_FAMILY = "1,2";
				VALIDATE_PRODUCT = YES;
			};
			name = Release;
		};
		95263C091EEAE078005815DC /* Debug */ = {
			isa = XCBuildConfiguration;
			baseConfigurationReference = 51EBC566632579C88002F330 /* Pods-Weather.debug.xcconfig */;
			buildSettings = {
				ASSETCATALOG_COMPILER_APPICON_NAME = AppIcon;
				DEVELOPMENT_TEAM = X8E2R8HQQL;
				FRAMEWORK_SEARCH_PATHS = (
					"$(inherited)",
					"$(PROJECT_DIR)",
				);
				INFOPLIST_FILE = Weather/Info.plist;
				LD_RUNPATH_SEARCH_PATHS = "$(inherited) @executable_path/Frameworks";
				PRODUCT_BUNDLE_IDENTIFIER = "A-Lime-Studio.Weather";
				PRODUCT_NAME = "$(TARGET_NAME)";
				SWIFT_VERSION = 3.0;
			};
			name = Debug;
		};
		95263C0A1EEAE078005815DC /* Release */ = {
			isa = XCBuildConfiguration;
			baseConfigurationReference = 6F87FF6F2F8EB8005C74D78D /* Pods-Weather.release.xcconfig */;
			buildSettings = {
				ASSETCATALOG_COMPILER_APPICON_NAME = AppIcon;
				DEVELOPMENT_TEAM = X8E2R8HQQL;
				FRAMEWORK_SEARCH_PATHS = (
					"$(inherited)",
					"$(PROJECT_DIR)",
				);
				INFOPLIST_FILE = Weather/Info.plist;
				LD_RUNPATH_SEARCH_PATHS = "$(inherited) @executable_path/Frameworks";
				PRODUCT_BUNDLE_IDENTIFIER = "A-Lime-Studio.Weather";
				PRODUCT_NAME = "$(TARGET_NAME)";
				SWIFT_VERSION = 3.0;
			};
			name = Release;
		};
/* End XCBuildConfiguration section */

/* Begin XCConfigurationList section */
		95263BF11EEAE078005815DC /* Build configuration list for PBXProject "Weather" */ = {
			isa = XCConfigurationList;
			buildConfigurations = (
				95263C061EEAE078005815DC /* Debug */,
				95263C071EEAE078005815DC /* Release */,
			);
			defaultConfigurationIsVisible = 0;
			defaultConfigurationName = Release;
		};
		95263C081EEAE078005815DC /* Build configuration list for PBXNativeTarget "Weather" */ = {
			isa = XCConfigurationList;
			buildConfigurations = (
				95263C091EEAE078005815DC /* Debug */,
				95263C0A1EEAE078005815DC /* Release */,
			);
			defaultConfigurationIsVisible = 0;
			defaultConfigurationName = Release;
		};
/* End XCConfigurationList section */
	};
	rootObject = 95263BEE1EEAE078005815DC /* Project object */;
}
